
Microsoft Visual Studio Solution File, Format Version 12.00
# Visual Studio 15
Project("{FAE04EC0-301F-11D3-BF4B-00C04F79EFBC}") = "Assembly-CSharp", "Assembly-CSharp.csproj", "{29B35F6A-B38B-8273-C369-9BE19D6897AF}"
EndProject
Project("{FAE04EC0-301F-11D3-BF4B-00C04F79EFBC}") = "Assembly-CSharp-Editor", "Assembly-CSharp-Editor.csproj", "{B1D8AA27-2FA4-9521-B465-CB892767F08A}"
EndProject
Global
	GlobalSection(SolutionConfigurationPlatforms) = preSolution
		Debug|Any CPU = Debug|Any CPU
		Release|Any CPU = Release|Any CPU
	EndGlobalSection
	GlobalSection(ProjectConfigurationPlatforms) = postSolution
		{29B35F6A-B38B-8273-C369-9BE19D6897AF}.Debug|Any CPU.ActiveCfg = Debug|Any CPU
		{29B35F6A-B38B-8273-C369-9BE19D6897AF}.Debug|Any CPU.Build.0 = Debug|Any CPU
		{29B35F6A-B38B-8273-C369-9BE19D6897AF}.Release|Any CPU.ActiveCfg = Release|Any CPU
		{29B35F6A-B38B-8273-C369-9BE19D6897AF}.Release|Any CPU.Build.0 = Release|Any CPU
		{B1D8AA27-2FA4-9521-B465-CB892767F08A}.Debug|Any CPU.ActiveCfg = Debug|Any CPU
		{B1D8AA27-2FA4-9521-B465-CB892767F08A}.Debug|Any CPU.Build.0 = Debug|Any CPU
		{B1D8AA27-2FA4-9521-B465-CB892767F08A}.Release|Any CPU.ActiveCfg = Release|Any CPU
		{B1D8AA27-2FA4-9521-B465-CB892767F08A}.Release|Any CPU.Build.0 = Release|Any CPU
	EndGlobalSection
	GlobalSection(SolutionProperties) = preSolution
		HideSolutionNode = FALSE
	EndGlobalSection
EndGlobal
